
Microsoft Visual Studio Solution File, Format Version 12.00
# Visual Studio Version 17
VisualStudioVersion = 17.1.32210.238
MinimumVisualStudioVersion = 10.0.40219.1
Project("{FAE04EC0-301F-11D3-BF4B-00C04F79EFBC}") = "PL", "PL\PL.csproj", "{04373B4C-A465-47E4-A575-974D5D9ED068}"
EndProject
Project("{FAE04EC0-301F-11D3-BF4B-00C04F79EFBC}") = "ML", "ML\ML.csproj", "{1BC54F02-E53A-41B0-9366-A7875764A285}"
EndProject
Project("{FAE04EC0-301F-11D3-BF4B-00C04F79EFBC}") = "DL", "DL\DL.csproj", "{B643D07B-DE8A-49C6-8133-71502B96D267}"
EndProject
Project("{FAE04EC0-301F-11D3-BF4B-00C04F79EFBC}") = "BL", "BL\BL.csproj", "{1F2E96F3-67A0-49E9-BF13-B21FB038278E}"
EndProject
Global
	GlobalSection(SolutionConfigurationPlatforms) = preSolution
		Debug|Any CPU = Debug|Any CPU
		Release|Any CPU = Release|Any CPU
	EndGlobalSection
	GlobalSection(ProjectConfigurationPlatforms) = postSolution
		{04373B4C-A465-47E4-A575-974D5D9ED068}.Debug|Any CPU.ActiveCfg = Debug|Any CPU
		{04373B4C-A465-47E4-A575-974D5D9ED068}.Debug|Any CPU.Build.0 = Debug|Any CPU
		{04373B4C-A465-47E4-A575-974D5D9ED068}.Release|Any CPU.ActiveCfg = Release|Any CPU
		{04373B4C-A465-47E4-A575-974D5D9ED068}.Release|Any CPU.Build.0 = Release|Any CPU
		{1BC54F02-E53A-41B0-9366-A7875764A285}.Debug|Any CPU.ActiveCfg = Debug|Any CPU
		{1BC54F02-E53A-41B0-9366-A7875764A285}.Debug|Any CPU.Build.0 = Debug|Any CPU
		{1BC54F02-E53A-41B0-9366-A7875764A285}.Release|Any CPU.ActiveCfg = Release|Any CPU
		{1BC54F02-E53A-41B0-9366-A7875764A285}.Release|Any CPU.Build.0 = Release|Any CPU
		{B643D07B-DE8A-49C6-8133-71502B96D267}.Debug|Any CPU.ActiveCfg = Debug|Any CPU
		{B643D07B-DE8A-49C6-8133-71502B96D267}.Debug|Any CPU.Build.0 = Debug|Any CPU
		{B643D07B-DE8A-49C6-8133-71502B96D267}.Release|Any CPU.ActiveCfg = Release|Any CPU
		{B643D07B-DE8A-49C6-8133-71502B96D267}.Release|Any CPU.Build.0 = Release|Any CPU
		{1F2E96F3-67A0-49E9-BF13-B21FB038278E}.Debug|Any CPU.ActiveCfg = Debug|Any CPU
		{1F2E96F3-67A0-49E9-BF13-B21FB038278E}.Debug|Any CPU.Build.0 = Debug|Any CPU
		{1F2E96F3-67A0-49E9-BF13-B21FB038278E}.Release|Any CPU.ActiveCfg = Release|Any CPU
		{1F2E96F3-67A0-49E9-BF13-B21FB038278E}.Release|Any CPU.Build.0 = Release|Any CPU
	EndGlobalSection
	GlobalSection(SolutionProperties) = preSolution
		HideSolutionNode = FALSE
	EndGlobalSection
	GlobalSection(ExtensibilityGlobals) = postSolution
		SolutionGuid = {9CE4EEA6-A614-42AB-8A80-6160E83CB65F}
	EndGlobalSection
EndGlobal
